
Microsoft Visual Studio Solution File, Format Version 12.00
# Visual Studio Version 17
VisualStudioVersion = 17.3.32819.101
MinimumVisualStudioVersion = 10.0.40219.1
Project("{FAE04EC0-301F-11D3-BF4B-00C04F79EFBC}") = "ConsoleApp6", "ConsoleApp6\ConsoleApp6.csproj", "{A3B3A1D9-5B05-4020-9803-CBE8ADEB40C8}"
EndProject
Project("{FAE04EC0-301F-11D3-BF4B-00C04F79EFBC}") = "ConsoleApp1", "ConsoleApp1\ConsoleApp1.csproj", "{3965BA79-0B7E-4BF8-966C-39EA2FE7EB94}"
EndProject
Project("{FAE04EC0-301F-11D3-BF4B-00C04F79EFBC}") = "ConsoleApp2", "ConsoleApp2\ConsoleApp2.csproj", "{F7435FBC-8743-4C59-8747-EB1AEA11AD1D}"
EndProject
Global
	GlobalSection(SolutionConfigurationPlatforms) = preSolution
		Debug|Any CPU = Debug|Any CPU
		Release|Any CPU = Release|Any CPU
	EndGlobalSection
	GlobalSection(ProjectConfigurationPlatforms) = postSolution
		{A3B3A1D9-5B05-4020-9803-CBE8ADEB40C8}.Debug|Any CPU.ActiveCfg = Debug|Any CPU
		{A3B3A1D9-5B05-4020-9803-CBE8ADEB40C8}.Debug|Any CPU.Build.0 = Debug|Any CPU
		{A3B3A1D9-5B05-4020-9803-CBE8ADEB40C8}.Release|Any CPU.ActiveCfg = Release|Any CPU
		{A3B3A1D9-5B05-4020-9803-CBE8ADEB40C8}.Release|Any CPU.Build.0 = Release|Any CPU
		{3965BA79-0B7E-4BF8-966C-39EA2FE7EB94}.Debug|Any CPU.ActiveCfg = Debug|Any CPU
		{3965BA79-0B7E-4BF8-966C-39EA2FE7EB94}.Debug|Any CPU.Build.0 = Debug|Any CPU
		{3965BA79-0B7E-4BF8-966C-39EA2FE7EB94}.Release|Any CPU.ActiveCfg = Release|Any CPU
		{3965BA79-0B7E-4BF8-966C-39EA2FE7EB94}.Release|Any CPU.Build.0 = Release|Any CPU
		{F7435FBC-8743-4C59-8747-EB1AEA11AD1D}.Debug|Any CPU.ActiveCfg = Debug|Any CPU
		{F7435FBC-8743-4C59-8747-EB1AEA11AD1D}.Debug|Any CPU.Build.0 = Debug|Any CPU
		{F7435FBC-8743-4C59-8747-EB1AEA11AD1D}.Release|Any CPU.ActiveCfg = Release|Any CPU
		{F7435FBC-8743-4C59-8747-EB1AEA11AD1D}.Release|Any CPU.Build.0 = Release|Any CPU
	EndGlobalSection
	GlobalSection(SolutionProperties) = preSolution
		HideSolutionNode = FALSE
	EndGlobalSection
	GlobalSection(ExtensibilityGlobals) = postSolution
		SolutionGuid = {65898CA3-B12A-453E-83F7-99C5E102684C}
	EndGlobalSection
EndGlobal
